
Microsoft Visual Studio Solution File, Format Version 12.00
# Visual Studio Version 17
VisualStudioVersion = 17.9.34728.123
MinimumVisualStudioVersion = 10.0.40219.1
Project("{FAE04EC0-301F-11D3-BF4B-00C04F79EFBC}") = "FilteringDocsUsingLINQ", "FilteringDocsUsingLINQ.csproj", "{90A1B60E-2DF8-4483-9D64-A1519B0A1988}"
EndProject
Global
	GlobalSection(SolutionConfigurationPlatforms) = preSolution
		Debug|Any CPU = Debug|Any CPU
		Release|Any CPU = Release|Any CPU
	EndGlobalSection
	GlobalSection(ProjectConfigurationPlatforms) = postSolution
		{90A1B60E-2DF8-4483-9D64-A1519B0A1988}.Debug|Any CPU.ActiveCfg = Debug|Any CPU
		{90A1B60E-2DF8-4483-9D64-A1519B0A1988}.Debug|Any CPU.Build.0 = Debug|Any CPU
		{90A1B60E-2DF8-4483-9D64-A1519B0A1988}.Release|Any CPU.ActiveCfg = Release|Any CPU
		{90A1B60E-2DF8-4483-9D64-A1519B0A1988}.Release|Any CPU.Build.0 = Release|Any CPU
	EndGlobalSection
	GlobalSection(SolutionProperties) = preSolution
		HideSolutionNode = FALSE
	EndGlobalSection
	GlobalSection(ExtensibilityGlobals) = postSolution
		SolutionGuid = {4F176EB9-7473-4549-95A3-395FDF522E81}
	EndGlobalSection
EndGlobal
